
Microsoft Visual Studio Solution File, Format Version 12.00
# Visual Studio Version 17
VisualStudioVersion = 17.14.36623.8
MinimumVisualStudioVersion = 10.0.40219.1
Project("{FAE04EC0-301F-11D3-BF4B-00C04F79EFBC}") = "PipelinePilot", "PipelinePilot.csproj", "{082B5DD0-C56B-4E14-93FB-A91140920761}"
EndProject
Project("{FAE04EC0-301F-11D3-BF4B-00C04F79EFBC}") = "PipelinePilot.Tests", "PipelinePilot.Tests\PipelinePilot.Tests.csproj", "{48CBC8CC-4DD3-4B8C-A3B3-26132415816A}"
EndProject
Global
	GlobalSection(SolutionConfigurationPlatforms) = preSolution
		Debug|Any CPU = Debug|Any CPU
		Debug|x64 = Debug|x64
		Debug|x86 = Debug|x86
		Release|Any CPU = Release|Any CPU
		Release|x64 = Release|x64
		Release|x86 = Release|x86
	EndGlobalSection
	GlobalSection(ProjectConfigurationPlatforms) = postSolution
		{082B5DD0-C56B-4E14-93FB-A91140920761}.Debug|Any CPU.ActiveCfg = Debug|Any CPU
		{082B5DD0-C56B-4E14-93FB-A91140920761}.Debug|Any CPU.Build.0 = Debug|Any CPU
		{082B5DD0-C56B-4E14-93FB-A91140920761}.Debug|x64.ActiveCfg = Debug|Any CPU
		{082B5DD0-C56B-4E14-93FB-A91140920761}.Debug|x64.Build.0 = Debug|Any CPU
		{082B5DD0-C56B-4E14-93FB-A91140920761}.Debug|x86.ActiveCfg = Debug|Any CPU
		{082B5DD0-C56B-4E14-93FB-A91140920761}.Debug|x86.Build.0 = Debug|Any CPU
		{082B5DD0-C56B-4E14-93FB-A91140920761}.Release|Any CPU.ActiveCfg = Release|Any CPU
		{082B5DD0-C56B-4E14-93FB-A91140920761}.Release|Any CPU.Build.0 = Release|Any CPU
		{082B5DD0-C56B-4E14-93FB-A91140920761}.Release|x64.ActiveCfg = Release|Any CPU
		{082B5DD0-C56B-4E14-93FB-A91140920761}.Release|x64.Build.0 = Release|Any CPU
		{082B5DD0-C56B-4E14-93FB-A91140920761}.Release|x86.ActiveCfg = Release|Any CPU
		{082B5DD0-C56B-4E14-93FB-A91140920761}.Release|x86.Build.0 = Release|Any CPU
		{48CBC8CC-4DD3-4B8C-A3B3-26132415816A}.Debug|Any CPU.ActiveCfg = Debug|Any CPU
		{48CBC8CC-4DD3-4B8C-A3B3-26132415816A}.Debug|Any CPU.Build.0 = Debug|Any CPU
		{48CBC8CC-4DD3-4B8C-A3B3-26132415816A}.Debug|x64.ActiveCfg = Debug|Any CPU
		{48CBC8CC-4DD3-4B8C-A3B3-26132415816A}.Debug|x64.Build.0 = Debug|Any CPU
		{48CBC8CC-4DD3-4B8C-A3B3-26132415816A}.Debug|x86.ActiveCfg = Debug|Any CPU
		{48CBC8CC-4DD3-4B8C-A3B3-26132415816A}.Debug|x86.Build.0 = Debug|Any CPU
		{48CBC8CC-4DD3-4B8C-A3B3-26132415816A}.Release|Any CPU.ActiveCfg = Release|Any CPU
		{48CBC8CC-4DD3-4B8C-A3B3-26132415816A}.Release|Any CPU.Build.0 = Release|Any CPU
		{48CBC8CC-4DD3-4B8C-A3B3-26132415816A}.Release|x64.ActiveCfg = Release|Any CPU
		{48CBC8CC-4DD3-4B8C-A3B3-26132415816A}.Release|x64.Build.0 = Release|Any CPU
		{48CBC8CC-4DD3-4B8C-A3B3-26132415816A}.Release|x86.ActiveCfg = Release|Any CPU
		{48CBC8CC-4DD3-4B8C-A3B3-26132415816A}.Release|x86.Build.0 = Release|Any CPU
	EndGlobalSection
	GlobalSection(SolutionProperties) = preSolution
		HideSolutionNode = FALSE
	EndGlobalSection
	GlobalSection(ExtensibilityGlobals) = postSolution
		SolutionGuid = {712682FE-9064-4A7C-A9B5-B785F4B58ADD}
	EndGlobalSection
EndGlobal
